
Microsoft Visual Studio Solution File, Format Version 12.00
# Visual Studio Version 16
VisualStudioVersion = 16.0.30114.105
MinimumVisualStudioVersion = 10.0.40219.1
Project("{FAE04EC0-301F-11D3-BF4B-00C04F79EFBC}") = "proyectoFinal", "proyectoFinal\proyectoFinal.csproj", "{5CC4730E-C74D-416A-A105-9B233FA9F92B}"
EndProject
Global
	GlobalSection(SolutionConfigurationPlatforms) = preSolution
		Debug|Any CPU = Debug|Any CPU
		Release|Any CPU = Release|Any CPU
	EndGlobalSection
	GlobalSection(ProjectConfigurationPlatforms) = postSolution
		{5CC4730E-C74D-416A-A105-9B233FA9F92B}.Debug|Any CPU.ActiveCfg = Debug|Any CPU
		{5CC4730E-C74D-416A-A105-9B233FA9F92B}.Debug|Any CPU.Build.0 = Debug|Any CPU
		{5CC4730E-C74D-416A-A105-9B233FA9F92B}.Release|Any CPU.ActiveCfg = Release|Any CPU
		{5CC4730E-C74D-416A-A105-9B233FA9F92B}.Release|Any CPU.Build.0 = Release|Any CPU
	EndGlobalSection
	GlobalSection(SolutionProperties) = preSolution
		HideSolutionNode = FALSE
	EndGlobalSection
	GlobalSection(ExtensibilityGlobals) = postSolution
		SolutionGuid = {036D14B0-F14D-48F0-A6EA-DC15BD0DDF6B}
	EndGlobalSection
EndGlobal
